// !$*UTF8*$!
{
	archiveVersion = 1;
	classes = {
	};
	objectVersion = 56;
	objects = {

/* Begin PBXBuildFile section */
		161677602AFB034E00FF6DB2 /* LearnView.swift in Sources */ = {isa = PBXBuildFile; fileRef = 1616775F2AFB034E00FF6DB2 /* LearnView.swift */; };
		161677622AFB072000FF6DB2 /* HomeView.swift in Sources */ = {isa = PBXBuildFile; fileRef = 161677612AFB072000FF6DB2 /* HomeView.swift */; };
		161677642AFB078A00FF6DB2 /* DailyView.swift in Sources */ = {isa = PBXBuildFile; fileRef = 161677632AFB078A00FF6DB2 /* DailyView.swift */; };
		161677662AFB07EF00FF6DB2 /* ReadingsView.swift in Sources */ = {isa = PBXBuildFile; fileRef = 161677652AFB07EF00FF6DB2 /* ReadingsView.swift */; };
		161677682AFC254000FF6DB2 /* CardInfo.swift in Sources */ = {isa = PBXBuildFile; fileRef = 161677672AFC254000FF6DB2 /* CardInfo.swift */; };
		1616776B2AFC4B0A00FF6DB2 /* Respira Black.ttf in Resources */ = {isa = PBXBuildFile; fileRef = 1616776A2AFC4B0A00FF6DB2 /* Respira Black.ttf */; };
		1616776D2AFD2FBC00FF6DB2 /* Icons.xcassets in Resources */ = {isa = PBXBuildFile; fileRef = 1616776C2AFD2FBC00FF6DB2 /* Icons.xcassets */; };
		16690BE32A296D5D00F0BA32 /* TarotApp.swift in Sources */ = {isa = PBXBuildFile; fileRef = 16690BE22A296D5D00F0BA32 /* TarotApp.swift */; };
		16690BE52A296D5D00F0BA32 /* ContentView.swift in Sources */ = {isa = PBXBuildFile; fileRef = 16690BE42A296D5D00F0BA32 /* ContentView.swift */; };
		16690BE72A296D6000F0BA32 /* Assets.xcassets in Resources */ = {isa = PBXBuildFile; fileRef = 16690BE62A296D6000F0BA32 /* Assets.xcassets */; };
		16690BEA2A296D6000F0BA32 /* Preview Assets.xcassets in Resources */ = {isa = PBXBuildFile; fileRef = 16690BE92A296D6000F0BA32 /* Preview Assets.xcassets */; };
		16D551042AF99B1A00B709C0 /* SettingsView.swift in Sources */ = {isa = PBXBuildFile; fileRef = 16D551032AF99B1A00B709C0 /* SettingsView.swift */; };
/* End PBXBuildFile section */

/* Begin PBXFileReference section */
		1616775F2AFB034E00FF6DB2 /* LearnView.swift */ = {isa = PBXFileReference; lastKnownFileType = sourcecode.swift; path = LearnView.swift; sourceTree = "<group>"; };
		161677612AFB072000FF6DB2 /* HomeView.swift */ = {isa = PBXFileReference; lastKnownFileType = sourcecode.swift; path = HomeView.swift; sourceTree = "<group>"; };
		161677632AFB078A00FF6DB2 /* DailyView.swift */ = {isa = PBXFileReference; lastKnownFileType = sourcecode.swift; path = DailyView.swift; sourceTree = "<group>"; };
		161677652AFB07EF00FF6DB2 /* ReadingsView.swift */ = {isa = PBXFileReference; lastKnownFileType = sourcecode.swift; path = ReadingsView.swift; sourceTree = "<group>"; };
		161677672AFC254000FF6DB2 /* CardInfo.swift */ = {isa = PBXFileReference; lastKnownFileType = sourcecode.swift; path = CardInfo.swift; sourceTree = "<group>"; };
		1616776A2AFC4B0A00FF6DB2 /* Respira Black.ttf */ = {isa = PBXFileReference; lastKnownFileType = file; path = "Respira Black.ttf"; sourceTree = "<group>"; };
		1616776C2AFD2FBC00FF6DB2 /* Icons.xcassets */ = {isa = PBXFileReference; lastKnownFileType = folder.assetcatalog; path = Icons.xcassets; sourceTree = "<group>"; };
		16690BDF2A296D5D00F0BA32 /* Tarot.app */ = {isa = PBXFileReference; explicitFileType = wrapper.application; includeInIndex = 0; path = Tarot.app; sourceTree = BUILT_PRODUCTS_DIR; };
		16690BE22A296D5D00F0BA32 /* TarotApp.swift */ = {isa = PBXFileReference; lastKnownFileType = sourcecode.swift; path = TarotApp.swift; sourceTree = "<group>"; };
		16690BE42A296D5D00F0BA32 /* ContentView.swift */ = {isa = PBXFileReference; lastKnownFileType = sourcecode.swift; path = ContentView.swift; sourceTree = "<group>"; };
		16690BE62A296D6000F0BA32 /* Assets.xcassets */ = {isa = PBXFileReference; lastKnownFileType = folder.assetcatalog; path = Assets.xcassets; sourceTree = "<group>"; };
		16690BE92A296D6000F0BA32 /* Preview Assets.xcassets */ = {isa = PBXFileReference; lastKnownFileType = folder.assetcatalog; path = "Preview Assets.xcassets"; sourceTree = "<group>"; };
		16D551032AF99B1A00B709C0 /* SettingsView.swift */ = {isa = PBXFileReference; lastKnownFileType = sourcecode.swift; path = SettingsView.swift; sourceTree = "<group>"; };
		16ED54472A2A3F9C001DF066 /* Info.plist */ = {isa = PBXFileReference; lastKnownFileType = text.plist.xml; path = Info.plist; sourceTree = "<group>"; };
/* End PBXFileReference section */

/* Begin PBXFrameworksBuildPhase section */
		16690BDC2A296D5D00F0BA32 /* Frameworks */ = {
			isa = PBXFrameworksBuildPhase;
			buildActionMask = 2147483647;
			files = (
			);
			runOnlyForDeploymentPostprocessing = 0;
		};
/* End PBXFrameworksBuildPhase section */

/* Begin PBXGroup section */
		161677592AFB00E200FF6DB2 /* Home */ = {
			isa = PBXGroup;
			children = (
				161677612AFB072000FF6DB2 /* HomeView.swift */,
			);
			path = Home;
			sourceTree = "<group>";
		};
		1616775C2AFB029900FF6DB2 /* Daily */ = {
			isa = PBXGroup;
			children = (
				161677632AFB078A00FF6DB2 /* DailyView.swift */,
			);
			path = Daily;
			sourceTree = "<group>";
		};
		1616775D2AFB02AC00FF6DB2 /* Readings */ = {
			isa = PBXGroup;
			children = (
				161677652AFB07EF00FF6DB2 /* ReadingsView.swift */,
			);
			path = Readings;
			sourceTree = "<group>";
		};
		1616775E2AFB02BD00FF6DB2 /* Learn */ = {
			isa = PBXGroup;
			children = (
				1616775F2AFB034E00FF6DB2 /* LearnView.swift */,
				161677672AFC254000FF6DB2 /* CardInfo.swift */,
			);
			path = Learn;
			sourceTree = "<group>";
		};
		161677692AFC4A4F00FF6DB2 /* Fonts */ = {
			isa = PBXGroup;
			children = (
				1616776A2AFC4B0A00FF6DB2 /* Respira Black.ttf */,
			);
			path = Fonts;
			sourceTree = "<group>";
		};
		16690BD62A296D5D00F0BA32 = {
			isa = PBXGroup;
			children = (
				16690BE12A296D5D00F0BA32 /* Tarot */,
				16690BE02A296D5D00F0BA32 /* Products */,
			);
			sourceTree = "<group>";
		};
		16690BE02A296D5D00F0BA32 /* Products */ = {
			isa = PBXGroup;
			children = (
				16690BDF2A296D5D00F0BA32 /* Tarot.app */,
			);
			name = Products;
			sourceTree = "<group>";
		};
		16690BE12A296D5D00F0BA32 /* Tarot */ = {
			isa = PBXGroup;
			children = (
				161677692AFC4A4F00FF6DB2 /* Fonts */,
				16690BE22A296D5D00F0BA32 /* TarotApp.swift */,
				16690BE42A296D5D00F0BA32 /* ContentView.swift */,
				161677592AFB00E200FF6DB2 /* Home */,
				1616775C2AFB029900FF6DB2 /* Daily */,
				1616775D2AFB02AC00FF6DB2 /* Readings */,
				1616775E2AFB02BD00FF6DB2 /* Learn */,
				16D551022AF99ACC00B709C0 /* Settings */,
				16690BE62A296D6000F0BA32 /* Assets.xcassets */,
				16ED54472A2A3F9C001DF066 /* Info.plist */,
				16690BE82A296D6000F0BA32 /* Preview Content */,
				1616776C2AFD2FBC00FF6DB2 /* Icons.xcassets */,
			);
			path = Tarot;
			sourceTree = "<group>";
		};
		16690BE82A296D6000F0BA32 /* Preview Content */ = {
			isa = PBXGroup;
			children = (
				16690BE92A296D6000F0BA32 /* Preview Assets.xcassets */,
			);
			path = "Preview Content";
			sourceTree = "<group>";
		};
		16D551022AF99ACC00B709C0 /* Settings */ = {
			isa = PBXGroup;
			children = (
				16D551032AF99B1A00B709C0 /* SettingsView.swift */,
			);
			path = Settings;
			sourceTree = "<group>";
		};
/* End PBXGroup section */

/* Begin PBXNativeTarget section */
		16690BDE2A296D5D00F0BA32 /* Tarot */ = {
			isa = PBXNativeTarget;
			buildConfigurationList = 16690BED2A296D6000F0BA32 /* Build configuration list for PBXNativeTarget "Tarot" */;
			buildPhases = (
				16690BDB2A296D5D00F0BA32 /* Sources */,
				16690BDC2A296D5D00F0BA32 /* Frameworks */,
				16690BDD2A296D5D00F0BA32 /* Resources */,
			);
			buildRules = (
			);
			dependencies = (
			);
			name = Tarot;
			productName = Tarot;
			productReference = 16690BDF2A296D5D00F0BA32 /* Tarot.app */;
			productType = "com.apple.product-type.application";
		};
/* End PBXNativeTarget section */

/* Begin PBXProject section */
		16690BD72A296D5D00F0BA32 /* Project object */ = {
			isa = PBXProject;
			attributes = {
				BuildIndependentTargetsInParallel = 1;
				LastSwiftUpdateCheck = 1430;
				LastUpgradeCheck = 1430;
				TargetAttributes = {
					16690BDE2A296D5D00F0BA32 = {
						CreatedOnToolsVersion = 14.3;
					};
				};
			};
			buildConfigurationList = 16690BDA2A296D5D00F0BA32 /* Build configuration list for PBXProject "Tarot" */;
			compatibilityVersion = "Xcode 14.0";
			developmentRegion = en;
			hasScannedForEncodings = 0;
			knownRegions = (
				en,
				Base,
			);
			mainGroup = 16690BD62A296D5D00F0BA32;
			productRefGroup = 16690BE02A296D5D00F0BA32 /* Products */;
			projectDirPath = "";
			projectRoot = "";
			targets = (
				16690BDE2A296D5D00F0BA32 /* Tarot */,
			);
		};
/* End PBXProject section */

/* Begin PBXResourcesBuildPhase section */
		16690BDD2A296D5D00F0BA32 /* Resources */ = {
			isa = PBXResourcesBuildPhase;
			buildActionMask = 2147483647;
			files = (
				1616776B2AFC4B0A00FF6DB2 /* Respira Black.ttf in Resources */,
				16690BEA2A296D6000F0BA32 /* Preview Assets.xcassets in Resources */,
				1616776D2AFD2FBC00FF6DB2 /* Icons.xcassets in Resources */,
				16690BE72A296D6000F0BA32 /* Assets.xcassets in Resources */,
			);
			runOnlyForDeploymentPostprocessing = 0;
		};
/* End PBXResourcesBuildPhase section */

/* Begin PBXSourcesBuildPhase section */
		16690BDB2A296D5D00F0BA32 /* Sources */ = {
			isa = PBXSourcesBuildPhase;
			buildActionMask = 2147483647;
			files = (
				161677642AFB078A00FF6DB2 /* DailyView.swift in Sources */,
				16D551042AF99B1A00B709C0 /* SettingsView.swift in Sources */,
				16690BE52A296D5D00F0BA32 /* ContentView.swift in Sources */,
				16690BE32A296D5D00F0BA32 /* TarotApp.swift in Sources */,
				161677622AFB072000FF6DB2 /* HomeView.swift in Sources */,
				161677662AFB07EF00FF6DB2 /* ReadingsView.swift in Sources */,
				161677602AFB034E00FF6DB2 /* LearnView.swift in Sources */,
				161677682AFC254000FF6DB2 /* CardInfo.swift in Sources */,
			);
			runOnlyForDeploymentPostprocessing = 0;
		};
/* End PBXSourcesBuildPhase section */

/* Begin XCBuildConfiguration section */
		16690BEB2A296D6000F0BA32 /* Debug */ = {
			isa = XCBuildConfiguration;
			buildSettings = {
				ALWAYS_SEARCH_USER_PATHS = NO;
				CLANG_ANALYZER_NONNULL = YES;
				CLANG_ANALYZER_NUMBER_OBJECT_CONVERSION = YES_AGGRESSIVE;
				CLANG_CXX_LANGUAGE_STANDARD = "gnu++20";
				CLANG_ENABLE_MODULES = YES;
				CLANG_ENABLE_OBJC_ARC = YES;
				CLANG_ENABLE_OBJC_WEAK = YES;
				CLANG_WARN_BLOCK_CAPTURE_AUTORELEASING = YES;
				CLANG_WARN_BOOL_CONVERSION = YES;
				CLANG_WARN_COMMA = YES;
				CLANG_WARN_CONSTANT_CONVERSION = YES;
				CLANG_WARN_DEPRECATED_OBJC_IMPLEMENTATIONS = YES;
				CLANG_WARN_DIRECT_OBJC_ISA_USAGE = YES_ERROR;
				CLANG_WARN_DOCUMENTATION_COMMENTS = YES;
				CLANG_WARN_EMPTY_BODY = YES;
				CLANG_WARN_ENUM_CONVERSION = YES;
				CLANG_WARN_INFINITE_RECURSION = YES;
				CLANG_WARN_INT_CONVERSION = YES;
				CLANG_WARN_NON_LITERAL_NULL_CONVERSION = YES;
				CLANG_WARN_OBJC_IMPLICIT_RETAIN_SELF = YES;
				CLANG_WARN_OBJC_LITERAL_CONVERSION = YES;
				CLANG_WARN_OBJC_ROOT_CLASS = YES_ERROR;
				CLANG_WARN_QUOTED_INCLUDE_IN_FRAMEWORK_HEADER = YES;
				CLANG_WARN_RANGE_LOOP_ANALYSIS = YES;
				CLANG_WARN_STRICT_PROTOTYPES = YES;
				CLANG_WARN_SUSPICIOUS_MOVE = YES;
				CLANG_WARN_UNGUARDED_AVAILABILITY = YES_AGGRESSIVE;
				CLANG_WARN_UNREACHABLE_CODE = YES;
				CLANG_WARN__DUPLICATE_METHOD_MATCH = YES;
				COPY_PHASE_STRIP = NO;
				DEBUG_INFORMATION_FORMAT = dwarf;
				ENABLE_STRICT_OBJC_MSGSEND = YES;
				ENABLE_TESTABILITY = YES;
				GCC_C_LANGUAGE_STANDARD = gnu11;
				GCC_DYNAMIC_NO_PIC = NO;
				GCC_NO_COMMON_BLOCKS = YES;
				GCC_OPTIMIZATION_LEVEL = 0;
				GCC_PREPROCESSOR_DEFINITIONS = (
					"DEBUG=1",
					"$(inherited)",
				);
				GCC_WARN_64_TO_32_BIT_CONVERSION = YES;
				GCC_WARN_ABOUT_RETURN_TYPE = YES_ERROR;
				GCC_WARN_UNDECLARED_SELECTOR = YES;
				GCC_WARN_UNINITIALIZED_AUTOS = YES_AGGRESSIVE;
				GCC_WARN_UNUSED_FUNCTION = YES;
				GCC_WARN_UNUSED_VARIABLE = YES;
				IPHONEOS_DEPLOYMENT_TARGET = 16.4;
				MTL_ENABLE_DEBUG_INFO = INCLUDE_SOURCE;
				MTL_FAST_MATH = YES;
				ONLY_ACTIVE_ARCH = YES;
				SDKROOT = iphoneos;
				SWIFT_ACTIVE_COMPILATION_CONDITIONS = DEBUG;
				SWIFT_OPTIMIZATION_LEVEL = "-Onone";
			};
			name = Debug;
		};
		16690BEC2A296D6000F0BA32 /* Release */ = {
			isa = XCBuildConfiguration;
			buildSettings = {
				ALWAYS_SEARCH_USER_PATHS = NO;
				CLANG_ANALYZER_NONNULL = YES;
				CLANG_ANALYZER_NUMBER_OBJECT_CONVERSION = YES_AGGRESSIVE;
				CLANG_CXX_LANGUAGE_STANDARD = "gnu++20";
				CLANG_ENABLE_MODULES = YES;
				CLANG_ENABLE_OBJC_ARC = YES;
				CLANG_ENABLE_OBJC_WEAK = YES;
				CLANG_WARN_BLOCK_CAPTURE_AUTORELEASING = YES;
				CLANG_WARN_BOOL_CONVERSION = YES;
				CLANG_WARN_COMMA = YES;
				CLANG_WARN_CONSTANT_CONVERSION = YES;
				CLANG_WARN_DEPRECATED_OBJC_IMPLEMENTATIONS = YES;
				CLANG_WARN_DIRECT_OBJC_ISA_USAGE = YES_ERROR;
				CLANG_WARN_DOCUMENTATION_COMMENTS = YES;
				CLANG_WARN_EMPTY_BODY = YES;
				CLANG_WARN_ENUM_CONVERSION = YES;
				CLANG_WARN_INFINITE_RECURSION = YES;
				CLANG_WARN_INT_CONVERSION = YES;
				CLANG_WARN_NON_LITERAL_NULL_CONVERSION = YES;
				CLANG_WARN_OBJC_IMPLICIT_RETAIN_SELF = YES;
				CLANG_WARN_OBJC_LITERAL_CONVERSION = YES;
				CLANG_WARN_OBJC_ROOT_CLASS = YES_ERROR;
				CLANG_WARN_QUOTED_INCLUDE_IN_FRAMEWORK_HEADER = YES;
				CLANG_WARN_RANGE_LOOP_ANALYSIS = YES;
				CLANG_WARN_STRICT_PROTOTYPES = YES;
				CLANG_WARN_SUSPICIOUS_MOVE = YES;
				CLANG_WARN_UNGUARDED_AVAILABILITY = YES_AGGRESSIVE;
				CLANG_WARN_UNREACHABLE_CODE = YES;
				CLANG_WARN__DUPLICATE_METHOD_MATCH = YES;
				COPY_PHASE_STRIP = NO;
				DEBUG_INFORMATION_FORMAT = "dwarf-with-dsym";
				ENABLE_NS_ASSERTIONS = NO;
				ENABLE_STRICT_OBJC_MSGSEND = YES;
				GCC_C_LANGUAGE_STANDARD = gnu11;
				GCC_NO_COMMON_BLOCKS = YES;
				GCC_WARN_64_TO_32_BIT_CONVERSION = YES;
				GCC_WARN_ABOUT_RETURN_TYPE = YES_ERROR;
				GCC_WARN_UNDECLARED_SELECTOR = YES;
				GCC_WARN_UNINITIALIZED_AUTOS = YES_AGGRESSIVE;
				GCC_WARN_UNUSED_FUNCTION = YES;
				GCC_WARN_UNUSED_VARIABLE = YES;
				IPHONEOS_DEPLOYMENT_TARGET = 16.4;
				MTL_ENABLE_DEBUG_INFO = NO;
				MTL_FAST_MATH = YES;
				SDKROOT = iphoneos;
				SWIFT_COMPILATION_MODE = wholemodule;
				SWIFT_OPTIMIZATION_LEVEL = "-O";
				VALIDATE_PRODUCT = YES;
			};
			name = Release;
		};
		16690BEE2A296D6000F0BA32 /* Debug */ = {
			isa = XCBuildConfiguration;
			buildSettings = {
				ASSETCATALOG_COMPILER_APPICON_NAME = AppIcon;
				ASSETCATALOG_COMPILER_GLOBAL_ACCENT_COLOR_NAME = AccentColor;
				CODE_SIGN_STYLE = Automatic;
				CURRENT_PROJECT_VERSION = 1;
				DEVELOPMENT_ASSET_PATHS = "\"Tarot/Preview Content\"";
				DEVELOPMENT_TEAM = "";
				ENABLE_PREVIEWS = YES;
				GENERATE_INFOPLIST_FILE = YES;
				INFOPLIST_FILE = Tarot/Info.plist;
				INFOPLIST_KEY_UIApplicationSupportsIndirectInputEvents = YES;
				INFOPLIST_KEY_UILaunchScreen_Generation = YES;
				INFOPLIST_KEY_UISupportedInterfaceOrientations_iPad = "UIInterfaceOrientationPortrait UIInterfaceOrientationPortraitUpsideDown UIInterfaceOrientationLandscapeLeft UIInterfaceOrientationLandscapeRight";
				INFOPLIST_KEY_UISupportedInterfaceOrientations_iPhone = "UIInterfaceOrientationPortrait UIInterfaceOrientationLandscapeLeft UIInterfaceOrientationLandscapeRight";
				LD_RUNPATH_SEARCH_PATHS = (
					"$(inherited)",
					"@executable_path/Frameworks",
				);
				MARKETING_VERSION = 1.0;
				PRODUCT_BUNDLE_IDENTIFIER = io.joytantrum.Tarot;
				PRODUCT_NAME = "$(TARGET_NAME)";
				SWIFT_EMIT_LOC_STRINGS = YES;
				SWIFT_VERSION = 5.0;
				TARGETED_DEVICE_FAMILY = "1,2";
			};
			name = Debug;
		};
		16690BEF2A296D6000F0BA32 /* Release */ = {
			isa = XCBuildConfiguration;
			buildSettings = {
				ASSETCATALOG_COMPILER_APPICON_NAME = AppIcon;
				ASSETCATALOG_COMPILER_GLOBAL_ACCENT_COLOR_NAME = AccentColor;
				CODE_SIGN_STYLE = Automatic;
				CURRENT_PROJECT_VERSION = 1;
				DEVELOPMENT_ASSET_PATHS = "\"Tarot/Preview Content\"";
				DEVELOPMENT_TEAM = "";
				ENABLE_PREVIEWS = YES;
				GENERATE_INFOPLIST_FILE = YES;
				INFOPLIST_FILE = Tarot/Info.plist;
				INFOPLIST_KEY_UIApplicationSupportsIndirectInputEvents = YES;
				INFOPLIST_KEY_UILaunchScreen_Generation = YES;
				INFOPLIST_KEY_UISupportedInterfaceOrientations_iPad = "UIInterfaceOrientationPortrait UIInterfaceOrientationPortraitUpsideDown UIInterfaceOrientationLandscapeLeft UIInterfaceOrientationLandscapeRight";
				INFOPLIST_KEY_UISupportedInterfaceOrientations_iPhone = "UIInterfaceOrientationPortrait UIInterfaceOrientationLandscapeLeft UIInterfaceOrientationLandscapeRight";
				LD_RUNPATH_SEARCH_PATHS = (
					"$(inherited)",
					"@executable_path/Frameworks",
				);
				MARKETING_VERSION = 1.0;
				PRODUCT_BUNDLE_IDENTIFIER = io.joytantrum.Tarot;
				PRODUCT_NAME = "$(TARGET_NAME)";
				SWIFT_EMIT_LOC_STRINGS = YES;
				SWIFT_VERSION = 5.0;
				TARGETED_DEVICE_FAMILY = "1,2";
			};
			name = Release;
		};
/* End XCBuildConfiguration section */

/* Begin XCConfigurationList section */
		16690BDA2A296D5D00F0BA32 /* Build configuration list for PBXProject "Tarot" */ = {
			isa = XCConfigurationList;
			buildConfigurations = (
				16690BEB2A296D6000F0BA32 /* Debug */,
				16690BEC2A296D6000F0BA32 /* Release */,
			);
			defaultConfigurationIsVisible = 0;
			defaultConfigurationName = Release;
		};
		16690BED2A296D6000F0BA32 /* Build configuration list for PBXNativeTarget "Tarot" */ = {
			isa = XCConfigurationList;
			buildConfigurations = (
				16690BEE2A296D6000F0BA32 /* Debug */,
				16690BEF2A296D6000F0BA32 /* Release */,
			);
			defaultConfigurationIsVisible = 0;
			defaultConfigurationName = Release;
		};
/* End XCConfigurationList section */
	};
	rootObject = 16690BD72A296D5D00F0BA32 /* Project object */;
}
